
Microsoft Visual Studio Solution File, Format Version 12.00
# Visual Studio Version 17
VisualStudioVersion = 17.14.36221.1 d17.14
MinimumVisualStudioVersion = 10.0.40219.1
Project("{FAE04EC0-301F-11D3-BF4B-00C04F79EFBC}") = "Aula17", "Aula17.csproj", "{0E3A8964-8CC3-47D1-A564-EBDD5181DDC5}"
EndProject
Global
	GlobalSection(SolutionConfigurationPlatforms) = preSolution
		Debug|Any CPU = Debug|Any CPU
		Release|Any CPU = Release|Any CPU
	EndGlobalSection
	GlobalSection(ProjectConfigurationPlatforms) = postSolution
		{0E3A8964-8CC3-47D1-A564-EBDD5181DDC5}.Debug|Any CPU.ActiveCfg = Debug|Any CPU
		{0E3A8964-8CC3-47D1-A564-EBDD5181DDC5}.Debug|Any CPU.Build.0 = Debug|Any CPU
		{0E3A8964-8CC3-47D1-A564-EBDD5181DDC5}.Release|Any CPU.ActiveCfg = Release|Any CPU
		{0E3A8964-8CC3-47D1-A564-EBDD5181DDC5}.Release|Any CPU.Build.0 = Release|Any CPU
	EndGlobalSection
	GlobalSection(SolutionProperties) = preSolution
		HideSolutionNode = FALSE
	EndGlobalSection
	GlobalSection(ExtensibilityGlobals) = postSolution
		SolutionGuid = {03027BF0-0BC7-4A9B-81DF-18E628454A82}
	EndGlobalSection
EndGlobal
