
Microsoft Visual Studio Solution File, Format Version 12.00
# Visual Studio Version 17
VisualStudioVersion = 17.14.36221.1 d17.14
MinimumVisualStudioVersion = 10.0.40219.1
Project("{FAE04EC0-301F-11D3-BF4B-00C04F79EFBC}") = "Aula11", "Aula11.csproj", "{81AF5F4B-211F-4464-9E2E-F1B6D5D7943B}"
EndProject
Global
	GlobalSection(SolutionConfigurationPlatforms) = preSolution
		Debug|Any CPU = Debug|Any CPU
		Release|Any CPU = Release|Any CPU
	EndGlobalSection
	GlobalSection(ProjectConfigurationPlatforms) = postSolution
		{81AF5F4B-211F-4464-9E2E-F1B6D5D7943B}.Debug|Any CPU.ActiveCfg = Debug|Any CPU
		{81AF5F4B-211F-4464-9E2E-F1B6D5D7943B}.Debug|Any CPU.Build.0 = Debug|Any CPU
		{81AF5F4B-211F-4464-9E2E-F1B6D5D7943B}.Release|Any CPU.ActiveCfg = Release|Any CPU
		{81AF5F4B-211F-4464-9E2E-F1B6D5D7943B}.Release|Any CPU.Build.0 = Release|Any CPU
	EndGlobalSection
	GlobalSection(SolutionProperties) = preSolution
		HideSolutionNode = FALSE
	EndGlobalSection
	GlobalSection(ExtensibilityGlobals) = postSolution
		SolutionGuid = {9B4FEC53-98B9-42DA-8270-487F28E9C832}
	EndGlobalSection
EndGlobal
