
Microsoft Visual Studio Solution File, Format Version 12.00
# Visual Studio Version 17
VisualStudioVersion = 17.14.36221.1 d17.14
MinimumVisualStudioVersion = 10.0.40219.1
Project("{FAE04EC0-301F-11D3-BF4B-00C04F79EFBC}") = "Aula12", "Aula12.csproj", "{7CCF5F46-2CDA-4160-9746-A331E23A05FB}"
EndProject
Global
	GlobalSection(SolutionConfigurationPlatforms) = preSolution
		Debug|Any CPU = Debug|Any CPU
		Release|Any CPU = Release|Any CPU
	EndGlobalSection
	GlobalSection(ProjectConfigurationPlatforms) = postSolution
		{7CCF5F46-2CDA-4160-9746-A331E23A05FB}.Debug|Any CPU.ActiveCfg = Debug|Any CPU
		{7CCF5F46-2CDA-4160-9746-A331E23A05FB}.Debug|Any CPU.Build.0 = Debug|Any CPU
		{7CCF5F46-2CDA-4160-9746-A331E23A05FB}.Release|Any CPU.ActiveCfg = Release|Any CPU
		{7CCF5F46-2CDA-4160-9746-A331E23A05FB}.Release|Any CPU.Build.0 = Release|Any CPU
	EndGlobalSection
	GlobalSection(SolutionProperties) = preSolution
		HideSolutionNode = FALSE
	EndGlobalSection
	GlobalSection(ExtensibilityGlobals) = postSolution
		SolutionGuid = {E3CBB647-A0A4-4437-9D9A-A92766709DF9}
	EndGlobalSection
EndGlobal
