
Microsoft Visual Studio Solution File, Format Version 12.00
# Visual Studio Version 17
VisualStudioVersion = 17.14.36221.1 d17.14
MinimumVisualStudioVersion = 10.0.40219.1
Project("{FAE04EC0-301F-11D3-BF4B-00C04F79EFBC}") = "Aula23", "Aula23.csproj", "{B7C15FFF-5933-474A-A96E-9570EC20EC82}"
EndProject
Global
	GlobalSection(SolutionConfigurationPlatforms) = preSolution
		Debug|Any CPU = Debug|Any CPU
		Release|Any CPU = Release|Any CPU
	EndGlobalSection
	GlobalSection(ProjectConfigurationPlatforms) = postSolution
		{B7C15FFF-5933-474A-A96E-9570EC20EC82}.Debug|Any CPU.ActiveCfg = Debug|Any CPU
		{B7C15FFF-5933-474A-A96E-9570EC20EC82}.Debug|Any CPU.Build.0 = Debug|Any CPU
		{B7C15FFF-5933-474A-A96E-9570EC20EC82}.Release|Any CPU.ActiveCfg = Release|Any CPU
		{B7C15FFF-5933-474A-A96E-9570EC20EC82}.Release|Any CPU.Build.0 = Release|Any CPU
	EndGlobalSection
	GlobalSection(SolutionProperties) = preSolution
		HideSolutionNode = FALSE
	EndGlobalSection
	GlobalSection(ExtensibilityGlobals) = postSolution
		SolutionGuid = {11282665-BA5D-4523-BE7C-326FFB0AE01B}
	EndGlobalSection
EndGlobal
