
Microsoft Visual Studio Solution File, Format Version 12.00
# Visual Studio Version 17
VisualStudioVersion = 17.14.36221.1 d17.14
MinimumVisualStudioVersion = 10.0.40219.1
Project("{FAE04EC0-301F-11D3-BF4B-00C04F79EFBC}") = "Aula01", "Aula01.csproj", "{12DF6E54-CE70-49F9-BB5C-796A3FFFC890}"
EndProject
Global
	GlobalSection(SolutionConfigurationPlatforms) = preSolution
		Debug|Any CPU = Debug|Any CPU
		Release|Any CPU = Release|Any CPU
	EndGlobalSection
	GlobalSection(ProjectConfigurationPlatforms) = postSolution
		{12DF6E54-CE70-49F9-BB5C-796A3FFFC890}.Debug|Any CPU.ActiveCfg = Debug|Any CPU
		{12DF6E54-CE70-49F9-BB5C-796A3FFFC890}.Debug|Any CPU.Build.0 = Debug|Any CPU
		{12DF6E54-CE70-49F9-BB5C-796A3FFFC890}.Release|Any CPU.ActiveCfg = Release|Any CPU
		{12DF6E54-CE70-49F9-BB5C-796A3FFFC890}.Release|Any CPU.Build.0 = Release|Any CPU
	EndGlobalSection
	GlobalSection(SolutionProperties) = preSolution
		HideSolutionNode = FALSE
	EndGlobalSection
	GlobalSection(ExtensibilityGlobals) = postSolution
		SolutionGuid = {ABD59363-DC85-410D-B19E-FF2F061EC8BB}
	EndGlobalSection
EndGlobal
