
Microsoft Visual Studio Solution File, Format Version 12.00
# Visual Studio Version 17
VisualStudioVersion = 17.14.36221.1 d17.14
MinimumVisualStudioVersion = 10.0.40219.1
Project("{FAE04EC0-301F-11D3-BF4B-00C04F79EFBC}") = "Aula06", "Aula06.csproj", "{72E1B5E1-6244-4A70-94EB-FC175BB589CA}"
EndProject
Global
	GlobalSection(SolutionConfigurationPlatforms) = preSolution
		Debug|Any CPU = Debug|Any CPU
		Release|Any CPU = Release|Any CPU
	EndGlobalSection
	GlobalSection(ProjectConfigurationPlatforms) = postSolution
		{72E1B5E1-6244-4A70-94EB-FC175BB589CA}.Debug|Any CPU.ActiveCfg = Debug|Any CPU
		{72E1B5E1-6244-4A70-94EB-FC175BB589CA}.Debug|Any CPU.Build.0 = Debug|Any CPU
		{72E1B5E1-6244-4A70-94EB-FC175BB589CA}.Release|Any CPU.ActiveCfg = Release|Any CPU
		{72E1B5E1-6244-4A70-94EB-FC175BB589CA}.Release|Any CPU.Build.0 = Release|Any CPU
	EndGlobalSection
	GlobalSection(SolutionProperties) = preSolution
		HideSolutionNode = FALSE
	EndGlobalSection
	GlobalSection(ExtensibilityGlobals) = postSolution
		SolutionGuid = {5D08546A-F048-447C-BC67-20D1F46B0BD2}
	EndGlobalSection
EndGlobal
