
Microsoft Visual Studio Solution File, Format Version 12.00
# Visual Studio Version 17
VisualStudioVersion = 17.14.36221.1 d17.14
MinimumVisualStudioVersion = 10.0.40219.1
Project("{FAE04EC0-301F-11D3-BF4B-00C04F79EFBC}") = "Aula02", "Aula02.csproj", "{FE24924A-6B2A-4912-B987-DC2B2F54BC61}"
EndProject
Global
	GlobalSection(SolutionConfigurationPlatforms) = preSolution
		Debug|Any CPU = Debug|Any CPU
		Release|Any CPU = Release|Any CPU
	EndGlobalSection
	GlobalSection(ProjectConfigurationPlatforms) = postSolution
		{FE24924A-6B2A-4912-B987-DC2B2F54BC61}.Debug|Any CPU.ActiveCfg = Debug|Any CPU
		{FE24924A-6B2A-4912-B987-DC2B2F54BC61}.Debug|Any CPU.Build.0 = Debug|Any CPU
		{FE24924A-6B2A-4912-B987-DC2B2F54BC61}.Release|Any CPU.ActiveCfg = Release|Any CPU
		{FE24924A-6B2A-4912-B987-DC2B2F54BC61}.Release|Any CPU.Build.0 = Release|Any CPU
	EndGlobalSection
	GlobalSection(SolutionProperties) = preSolution
		HideSolutionNode = FALSE
	EndGlobalSection
	GlobalSection(ExtensibilityGlobals) = postSolution
		SolutionGuid = {1C595673-96CA-47C1-97D0-BF848896A6E9}
	EndGlobalSection
EndGlobal
