
Microsoft Visual Studio Solution File, Format Version 12.00
# Visual Studio Version 17
VisualStudioVersion = 17.14.36221.1 d17.14
MinimumVisualStudioVersion = 10.0.40219.1
Project("{FAE04EC0-301F-11D3-BF4B-00C04F79EFBC}") = "Aula19", "Aula19.csproj", "{0D1EEC8E-EDCC-454C-97E4-DE140D197DDA}"
EndProject
Global
	GlobalSection(SolutionConfigurationPlatforms) = preSolution
		Debug|Any CPU = Debug|Any CPU
		Release|Any CPU = Release|Any CPU
	EndGlobalSection
	GlobalSection(ProjectConfigurationPlatforms) = postSolution
		{0D1EEC8E-EDCC-454C-97E4-DE140D197DDA}.Debug|Any CPU.ActiveCfg = Debug|Any CPU
		{0D1EEC8E-EDCC-454C-97E4-DE140D197DDA}.Debug|Any CPU.Build.0 = Debug|Any CPU
		{0D1EEC8E-EDCC-454C-97E4-DE140D197DDA}.Release|Any CPU.ActiveCfg = Release|Any CPU
		{0D1EEC8E-EDCC-454C-97E4-DE140D197DDA}.Release|Any CPU.Build.0 = Release|Any CPU
	EndGlobalSection
	GlobalSection(SolutionProperties) = preSolution
		HideSolutionNode = FALSE
	EndGlobalSection
	GlobalSection(ExtensibilityGlobals) = postSolution
		SolutionGuid = {87BC4777-DEC3-40C5-BAAB-232076C0C60A}
	EndGlobalSection
EndGlobal
